
Microsoft Visual Studio Solution File, Format Version 12.00
# Visual Studio Version 17
VisualStudioVersion = 17.0.31903.59
MinimumVisualStudioVersion = 10.0.40219.1
Project("{FAE04EC0-301F-11D3-BF4B-00C04F79EFBC}") = "WpfAppSnakeGame", "WpfAppSnakeGame.csproj", "{2F6AFDBD-0A61-452B-B51E-CD2A30D981AB}"
EndProject
Global
	GlobalSection(SolutionConfigurationPlatforms) = preSolution
		Debug|Any CPU = Debug|Any CPU
		Release|Any CPU = Release|Any CPU
	EndGlobalSection
	GlobalSection(ProjectConfigurationPlatforms) = postSolution
		{2F6AFDBD-0A61-452B-B51E-CD2A30D981AB}.Debug|Any CPU.ActiveCfg = Debug|Any CPU
		{2F6AFDBD-0A61-452B-B51E-CD2A30D981AB}.Debug|Any CPU.Build.0 = Debug|Any CPU
		{2F6AFDBD-0A61-452B-B51E-CD2A30D981AB}.Release|Any CPU.ActiveCfg = Release|Any CPU
		{2F6AFDBD-0A61-452B-B51E-CD2A30D981AB}.Release|Any CPU.Build.0 = Release|Any CPU
	EndGlobalSection
	GlobalSection(SolutionProperties) = preSolution
		HideSolutionNode = FALSE
	EndGlobalSection
	GlobalSection(ExtensibilityGlobals) = postSolution
		SolutionGuid = {152E6301-3A6F-470C-83CE-0D8B39B264B5}
	EndGlobalSection
EndGlobal
